
Microsoft Visual Studio Solution File, Format Version 12.00
# Visual Studio 15
VisualStudioVersion = 15.0.28307.329
MinimumVisualStudioVersion = 10.0.40219.1
Project("{FAE04EC0-301F-11D3-BF4B-00C04F79EFBC}") = "Task1(Method)", "Task1(Method)\Task1(Method).csproj", "{5AA75FF4-F05E-4224-9E2B-9E87FC26751A}"
EndProject
Global
	GlobalSection(SolutionConfigurationPlatforms) = preSolution
		Debug|Any CPU = Debug|Any CPU
		Release|Any CPU = Release|Any CPU
	EndGlobalSection
	GlobalSection(ProjectConfigurationPlatforms) = postSolution
		{5AA75FF4-F05E-4224-9E2B-9E87FC26751A}.Debug|Any CPU.ActiveCfg = Debug|Any CPU
		{5AA75FF4-F05E-4224-9E2B-9E87FC26751A}.Debug|Any CPU.Build.0 = Debug|Any CPU
		{5AA75FF4-F05E-4224-9E2B-9E87FC26751A}.Release|Any CPU.ActiveCfg = Release|Any CPU
		{5AA75FF4-F05E-4224-9E2B-9E87FC26751A}.Release|Any CPU.Build.0 = Release|Any CPU
	EndGlobalSection
	GlobalSection(SolutionProperties) = preSolution
		HideSolutionNode = FALSE
	EndGlobalSection
	GlobalSection(ExtensibilityGlobals) = postSolution
		SolutionGuid = {659351DC-9B03-4D35-A831-E85926BA5D71}
	EndGlobalSection
EndGlobal
